github.com/mschneider82/milter v1.1.2/go.mod h1:tO5zYqjX2wmwfver/a2lKFVXrNGauvUY5Y1RemvSbJ8=
github.com/mschneider82/milter v1.2.1 h1:ojg/esFSCIBykwB4yuUJAYGci0X6qSaswYCrfB6c2B4=
github.com/mschneider82/milter v1.2.1/go.mod h1:ZIqBaEmzOT9bbwi06a7hwJdLQDcDimYccKdwHV1yUlQ=
github.com/mschneider82/milterclient v0.0.0-20180417152208-081e1cb2de4b/go.mod h1:aT17FNxMNvVNjk2Kvpz6Dzpbjw2s5GTPiTOjTj7uNWI=
github.com/mschneider82/milterclient v0.0.0-20191210092858-6c7cf5b778f0 h1:YNVPhcCZzpyeC+bEMcjUYPO0x2FcBisUAZ64AuKOFVw=
github.com/mschneider82/milterclient v0.0.0-20191210092858-6c7cf5b778f0/go.mod h1:lMwEdshxgvrMcN+Ok0mTvY6MAdZSR8CYydBQnvbSLTI=
github.com/phalaaxx/milter v0.0.0-20190809081256-3fbd661ff459/go.mod h1:CCDGSeT1mS/L54GyiT/VNpBYpx84PUrPU+DazSVGpOk=
